
Microsoft Visual Studio Solution File, Format Version 12.00
# Visual Studio 15
VisualStudioVersion = 15.0.28307.168
MinimumVisualStudioVersion = 10.0.40219.1
Project("{FAE04EC0-301F-11D3-BF4B-00C04F79EFBC}") = "prjAutocomplete", "prjAutocomplete\prjAutocomplete.csproj", "{5E36CC44-341B-4954-9B5E-7CEC76943C3F}"
EndProject
Global
	GlobalSection(SolutionConfigurationPlatforms) = preSolution
		Debug|Any CPU = Debug|Any CPU
		Release|Any CPU = Release|Any CPU
	EndGlobalSection
	GlobalSection(ProjectConfigurationPlatforms) = postSolution
		{5E36CC44-341B-4954-9B5E-7CEC76943C3F}.Debug|Any CPU.ActiveCfg = Debug|Any CPU
		{5E36CC44-341B-4954-9B5E-7CEC76943C3F}.Debug|Any CPU.Build.0 = Debug|Any CPU
		{5E36CC44-341B-4954-9B5E-7CEC76943C3F}.Release|Any CPU.ActiveCfg = Release|Any CPU
		{5E36CC44-341B-4954-9B5E-7CEC76943C3F}.Release|Any CPU.Build.0 = Release|Any CPU
	EndGlobalSection
	GlobalSection(SolutionProperties) = preSolution
		HideSolutionNode = FALSE
	EndGlobalSection
	GlobalSection(ExtensibilityGlobals) = postSolution
		SolutionGuid = {F568BD4D-AC63-494A-8EF8-71D6910E52AD}
	EndGlobalSection
EndGlobal
